// !$*UTF8*$!
{
	archiveVersion = 1;
	classes = {
	};
	objectVersion = 56;
	objects = {

/* Begin PBXFileReference section */
		5146AF172A9FD05D006E30C8 /* makefile */ = {isa = PBXFileReference; lastKnownFileType = sourcecode.make; path = makefile; sourceTree = "<group>"; };
		5146AF182A9FD05D006E30C8 /* Exercise1_1.txt */ = {isa = PBXFileReference; lastKnownFileType = text; path = Exercise1_1.txt; sourceTree = "<group>"; };
		5146AF192A9FD05D006E30C8 /* Exercise1_2.txt */ = {isa = PBXFileReference; lastKnownFileType = text; path = Exercise1_2.txt; sourceTree = "<group>"; };
		5146AF1A2A9FD05D006E30C8 /* Exercise1_3.txt */ = {isa = PBXFileReference; lastKnownFileType = text; path = Exercise1_3.txt; sourceTree = "<group>"; };
		5146AF1B2A9FD05D006E30C8 /* Exercise1_4.txt */ = {isa = PBXFileReference; lastKnownFileType = text; path = Exercise1_4.txt; sourceTree = "<group>"; };
		5146AF1C2A9FD05D006E30C8 /* Program1.c */ = {isa = PBXFileReference; lastKnownFileType = sourcecode.c.c; path = Program1.c; sourceTree = "<group>"; };
		5146AF1D2A9FD05D006E30C8 /* Program1 */ = {isa = PBXFileReference; lastKnownFileType = file; path = Program1; sourceTree = "<group>"; };
		5146AF1E2A9FD05D006E30C8 /* Program1.map */ = {isa = PBXFileReference; lastKnownFileType = "sourcecode.module-map"; path = Program1.map; sourceTree = "<group>"; };
		5146AF1F2A9FD05D006E30C8 /* .vscode */ = {isa = PBXFileReference; lastKnownFileType = folder; path = .vscode; sourceTree = "<group>"; };
		5146AF202A9FD05D006E30C8 /* Program1.xcodeproj */ = {isa = PBXFileReference; lastKnownFileType = "wrapper.pb-project"; path = Program1.xcodeproj; sourceTree = "<group>"; };
/* End PBXFileReference section */

/* Begin PBXGroup section */
		5146AF112A9FD05D006E30C8 = {
			isa = PBXGroup;
			children = (
				5146AF172A9FD05D006E30C8 /* makefile */,
				5146AF182A9FD05D006E30C8 /* Exercise1_1.txt */,
				5146AF192A9FD05D006E30C8 /* Exercise1_2.txt */,
				5146AF1A2A9FD05D006E30C8 /* Exercise1_3.txt */,
				5146AF1B2A9FD05D006E30C8 /* Exercise1_4.txt */,
				5146AF1C2A9FD05D006E30C8 /* Program1.c */,
				5146AF1D2A9FD05D006E30C8 /* Program1 */,
				5146AF1E2A9FD05D006E30C8 /* Program1.map */,
				5146AF1F2A9FD05D006E30C8 /* .vscode */,
				5146AF202A9FD05D006E30C8 /* Program1.xcodeproj */,
			);
			sourceTree = "<group>";
		};
		5146AF212A9FD05D006E30C8 /* Products */ = {
			isa = PBXGroup;
			children = (
			);
			name = Products;
			sourceTree = "<group>";
		};
/* End PBXGroup section */

/* Begin PBXLegacyTarget section */
		5146AF162A9FD05D006E30C8 /* Program1 */ = {
			isa = PBXLegacyTarget;
			buildArgumentsString = "$(ACTION)";
			buildConfigurationList = 5146AF242A9FD05D006E30C8 /* Build configuration list for PBXLegacyTarget "Program1" */;
			buildPhases = (
			);
			buildToolPath = /usr/bin/make;
			buildWorkingDirectory = "/Users/kanggg/Documents/GitHub/CSCV352/Exercise 1/Program1";
			dependencies = (
			);
			name = Program1;
			passBuildSettingsInEnvironment = 1;
			productName = Program1;
		};
/* End PBXLegacyTarget section */

/* Begin PBXProject section */
		5146AF122A9FD05D006E30C8 /* Project object */ = {
			isa = PBXProject;
			attributes = {
				BuildIndependentTargetsInParallel = 1;
			};
			buildConfigurationList = 5146AF152A9FD05D006E30C8 /* Build configuration list for PBXProject "Program1 2" */;
			compatibilityVersion = "Xcode 14.0";
			developmentRegion = en;
			hasScannedForEncodings = 0;
			knownRegions = (
				en,
				Base,
			);
			mainGroup = 5146AF112A9FD05D006E30C8;
			projectDirPath = "";
			projectReferences = (
				{
					ProductGroup = 5146AF212A9FD05D006E30C8 /* Products */;
					ProjectRef = 5146AF202A9FD05D006E30C8 /* Program1.xcodeproj */;
				},
			);
			projectRoot = "";
			targets = (
				5146AF162A9FD05D006E30C8 /* Program1 */,
			);
		};
/* End PBXProject section */

/* Begin XCBuildConfiguration section */
		5146AF132A9FD05D006E30C8 /* Debug */ = {
			isa = XCBuildConfiguration;
			buildSettings = {
				ARCHS = "$(ARCHS_STANDARD_32_BIT)";
				COPY_PHASE_STRIP = NO;
				GCC_WARN_ABOUT_RETURN_TYPE = YES;
				GCC_WARN_UNUSED_VARIABLE = YES;
				ONLY_ACTIVE_ARCH = YES;
				SDKROOT = macosx10.6;
			};
			name = Debug;
		};
		5146AF142A9FD05D006E30C8 /* Release */ = {
			isa = XCBuildConfiguration;
			buildSettings = {
				ARCHS = "$(ARCHS_STANDARD_32_BIT)";
				COPY_PHASE_STRIP = YES;
				GCC_WARN_ABOUT_RETURN_TYPE = YES;
				GCC_WARN_UNUSED_VARIABLE = YES;
				SDKROOT = macosx10.6;
			};
			name = Release;
		};
		5146AF252A9FD05D006E30C8 /* Debug */ = {
			isa = XCBuildConfiguration;
			buildSettings = {
				COPY_PHASE_STRIP = NO;
				DEBUGGING_SYMBOLS = YES;
				GCC_DYNAMIC_NO_PIC = NO;
				GCC_ENABLE_FIX_AND_CONTINUE = YES;
				GCC_GENERATE_DEBUGGING_SYMBOLS = YES;
				GCC_OPTIMIZATION_LEVEL = 0;
				OTHER_CFLAGS = "";
				OTHER_LDFLAGS = "";
				PRODUCT_NAME = Program1;
			};
			name = Debug;
		};
		5146AF262A9FD05D006E30C8 /* Release */ = {
			isa = XCBuildConfiguration;
			buildSettings = {
				COPY_PHASE_STRIP = YES;
				DEBUG_INFORMATION_FORMAT = "dwarf-with-dsym";
				GCC_ENABLE_FIX_AND_CONTINUE = NO;
				OTHER_CFLAGS = "";
				OTHER_LDFLAGS = "";
				PRODUCT_NAME = Program1;
			};
			name = Release;
		};
/* End XCBuildConfiguration section */

/* Begin XCConfigurationList section */
		5146AF152A9FD05D006E30C8 /* Build configuration list for PBXProject "Program1 2" */ = {
			isa = XCConfigurationList;
			buildConfigurations = (
				5146AF132A9FD05D006E30C8 /* Debug */,
				5146AF142A9FD05D006E30C8 /* Release */,
			);
			defaultConfigurationIsVisible = 0;
			defaultConfigurationName = Release;
		};
		5146AF242A9FD05D006E30C8 /* Build configuration list for PBXLegacyTarget "Program1" */ = {
			isa = XCConfigurationList;
			buildConfigurations = (
				5146AF252A9FD05D006E30C8 /* Debug */,
				5146AF262A9FD05D006E30C8 /* Release */,
			);
			defaultConfigurationIsVisible = 0;
			defaultConfigurationName = Release;
		};
/* End XCConfigurationList section */
	};
	rootObject = 5146AF122A9FD05D006E30C8 /* Project object */;
}
